# This file is generated by running "yarn install" inside your project.
# Manual changes might be lost - proceed with caution!

__metadata:
  version: 8
  cacheKey: 10c0

"@deeplx/core@npm:^0.1.2":
  version: 0.1.2
  resolution: "@deeplx/core@npm:0.1.2"
  dependencies:
    whatlang-node: "npm:^0.1.0"
    x-fetch: "npm:^0.2.6"
  checksum: 10c0/6f56ef6c1f36077d318367f9b81e724b0c11e6a6616710117f3d709a3d8c398ca658cc1795e29a9958b62b5ac255e58266e51bf4a5a6490309e20699138b3265
  languageName: node
  linkType: hard

"deeplx@workspace:.":
  version: 0.0.0-use.local
  resolution: "deeplx@workspace:."
  dependencies:
    "@deeplx/core": "npm:^0.1.2"
  languageName: unknown
  linkType: soft

"whatlang-node-android-arm-eabi@npm:0.1.0":
  version: 0.1.0
  resolution: "whatlang-node-android-arm-eabi@npm:0.1.0"
  conditions: os=android & cpu=arm
  languageName: node
  linkType: hard

"whatlang-node-android-arm64@npm:0.1.0":
  version: 0.1.0
  resolution: "whatlang-node-android-arm64@npm:0.1.0"
  conditions: os=android & cpu=arm64
  languageName: node
  linkType: hard

"whatlang-node-darwin-arm64@npm:0.1.0":
  version: 0.1.0
  resolution: "whatlang-node-darwin-arm64@npm:0.1.0"
  conditions: os=darwin & cpu=arm64
  languageName: node
  linkType: hard

"whatlang-node-darwin-x64@npm:0.1.0":
  version: 0.1.0
  resolution: "whatlang-node-darwin-x64@npm:0.1.0"
  conditions: os=darwin & cpu=x64
  languageName: node
  linkType: hard

"whatlang-node-freebsd-x64@npm:0.1.0":
  version: 0.1.0
  resolution: "whatlang-node-freebsd-x64@npm:0.1.0"
  conditions: os=freebsd & cpu=x64
  languageName: node
  linkType: hard

"whatlang-node-linux-arm-gnueabihf@npm:0.1.0":
  version: 0.1.0
  resolution: "whatlang-node-linux-arm-gnueabihf@npm:0.1.0"
  conditions: os=linux & cpu=arm
  languageName: node
  linkType: hard

"whatlang-node-linux-arm64-gnu@npm:0.1.0":
  version: 0.1.0
  resolution: "whatlang-node-linux-arm64-gnu@npm:0.1.0"
  conditions: os=linux & cpu=arm64 & libc=glibc
  languageName: node
  linkType: hard

"whatlang-node-linux-arm64-musl@npm:0.1.0":
  version: 0.1.0
  resolution: "whatlang-node-linux-arm64-musl@npm:0.1.0"
  conditions: os=linux & cpu=arm64 & libc=musl
  languageName: node
  linkType: hard

"whatlang-node-linux-x64-gnu@npm:0.1.0":
  version: 0.1.0
  resolution: "whatlang-node-linux-x64-gnu@npm:0.1.0"
  conditions: os=linux & cpu=x64 & libc=glibc
  languageName: node
  linkType: hard

"whatlang-node-linux-x64-musl@npm:0.1.0":
  version: 0.1.0
  resolution: "whatlang-node-linux-x64-musl@npm:0.1.0"
  conditions: os=linux & cpu=x64 & libc=musl
  languageName: node
  linkType: hard

"whatlang-node-win32-arm64-msvc@npm:0.1.0":
  version: 0.1.0
  resolution: "whatlang-node-win32-arm64-msvc@npm:0.1.0"
  conditions: os=win32 & cpu=arm64
  languageName: node
  linkType: hard

"whatlang-node-win32-ia32-msvc@npm:0.1.0":
  version: 0.1.0
  resolution: "whatlang-node-win32-ia32-msvc@npm:0.1.0"
  conditions: os=win32 & cpu=ia32
  languageName: node
  linkType: hard

"whatlang-node-win32-x64-msvc@npm:0.1.0":
  version: 0.1.0
  resolution: "whatlang-node-win32-x64-msvc@npm:0.1.0"
  conditions: os=win32 & cpu=x64
  languageName: node
  linkType: hard

"whatlang-node@npm:^0.1.0":
  version: 0.1.0
  resolution: "whatlang-node@npm:0.1.0"
  dependencies:
    whatlang-node-android-arm-eabi: "npm:0.1.0"
    whatlang-node-android-arm64: "npm:0.1.0"
    whatlang-node-darwin-arm64: "npm:0.1.0"
    whatlang-node-darwin-x64: "npm:0.1.0"
    whatlang-node-freebsd-x64: "npm:0.1.0"
    whatlang-node-linux-arm-gnueabihf: "npm:0.1.0"
    whatlang-node-linux-arm64-gnu: "npm:0.1.0"
    whatlang-node-linux-arm64-musl: "npm:0.1.0"
    whatlang-node-linux-x64-gnu: "npm:0.1.0"
    whatlang-node-linux-x64-musl: "npm:0.1.0"
    whatlang-node-win32-arm64-msvc: "npm:0.1.0"
    whatlang-node-win32-ia32-msvc: "npm:0.1.0"
    whatlang-node-win32-x64-msvc: "npm:0.1.0"
  dependenciesMeta:
    whatlang-node-android-arm-eabi:
      optional: true
    whatlang-node-android-arm64:
      optional: true
    whatlang-node-darwin-arm64:
      optional: true
    whatlang-node-darwin-x64:
      optional: true
    whatlang-node-freebsd-x64:
      optional: true
    whatlang-node-linux-arm-gnueabihf:
      optional: true
    whatlang-node-linux-arm64-gnu:
      optional: true
    whatlang-node-linux-arm64-musl:
      optional: true
    whatlang-node-linux-x64-gnu:
      optional: true
    whatlang-node-linux-x64-musl:
      optional: true
    whatlang-node-win32-arm64-msvc:
      optional: true
    whatlang-node-win32-ia32-msvc:
      optional: true
    whatlang-node-win32-x64-msvc:
      optional: true
  checksum: 10c0/0b8352b2d9238774a5503d4160fdb5d08414229b77eab0fa7b9ac48dc3b471670be418aa1421661e32dc5e27c6f2656b0e523740a454899c93ea0c4f7833900c
  languageName: node
  linkType: hard

"x-fetch@npm:^0.2.6":
  version: 0.2.6
  resolution: "x-fetch@npm:0.2.6"
  checksum: 10c0/f6510ae0b5d612fb0f5ce3f55552468d5979040f171a4e69bd718a36e741c4d8e6154697557be6e771fba3fe4467d730d50b3d87d8f70d15d92dedefa9a07fbe
  languageName: node
  linkType: hard
