# This file is generated by running "yarn install" inside your project.
# Manual changes might be lost - proceed with caution!

__metadata:
  version: 10
  cacheKey: 10c0

"@deeplx/core@npm:^0.2.0":
  version: 0.2.5
  resolution: "@deeplx/core@npm:0.2.5"
  dependencies:
    node-fetch-native: "npm:^1.6.7"
    x-fetch: "npm:^0.3.0"
  checksum: 10c0/6af76faed119eb0ff9cc0011b96ddd67b8cdd873e3b4134eb4d6325d2d8670e52ea76498a7fad2faf19816b85cc95be1a75beee4c16b09423d4feb708738cbfa
  languageName: node
  linkType: hard

"deeplx@workspace:.":
  version: 0.0.0-use.local
  resolution: "deeplx@workspace:."
  dependencies:
    "@deeplx/core": "npm:^0.2.0"
  languageName: unknown
  linkType: soft

"node-fetch-native@npm:^1.6.7":
  version: 1.6.7
  resolution: "node-fetch-native@npm:1.6.7"
  checksum: 10c0/8b748300fb053d21ca4d3db9c3ff52593d5e8f8a2d9fe90cbfad159676e324b954fdaefab46aeca007b5b9edab3d150021c4846444e4e8ab1f4e44cd3807be87
  languageName: node
  linkType: hard

"x-fetch@npm:^0.3.0":
  version: 0.3.0
  resolution: "x-fetch@npm:0.3.0"
  checksum: 10c0/4f9f1a354d0cf8de40e7e537ec368566df99b257d7c196c89cbef63b7c383cec4f718256e44e3526e65b48225c536994ae727f66b2f10f4857701a86e93619e0
  languageName: node
  linkType: hard
