# This file is generated by running "yarn install" inside your project.
# Manual changes might be lost - proceed with caution!

__metadata:
  version: 10
  cacheKey: 10c0

"@deeplx/core@npm:^0.2.0":
  version: 0.2.2
  resolution: "@deeplx/core@npm:0.2.2"
  dependencies:
    node-fetch-native: "npm:^1.6.7"
    x-fetch: "npm:^0.2.6"
  checksum: 10c0/3a8773f01a3fa1c2e082bbab63d878ada74c1d5b01bda931c762bb8bca4f9833c3b695ab7c66f5b029c5223034cb63fe6cedae5a7973dd1f09910aa0f75db31f
  languageName: node
  linkType: hard

"deeplx@workspace:.":
  version: 0.0.0-use.local
  resolution: "deeplx@workspace:."
  dependencies:
    "@deeplx/core": "npm:^0.2.0"
  languageName: unknown
  linkType: soft

"node-fetch-native@npm:^1.6.7":
  version: 1.6.7
  resolution: "node-fetch-native@npm:1.6.7"
  checksum: 10c0/8b748300fb053d21ca4d3db9c3ff52593d5e8f8a2d9fe90cbfad159676e324b954fdaefab46aeca007b5b9edab3d150021c4846444e4e8ab1f4e44cd3807be87
  languageName: node
  linkType: hard

"x-fetch@npm:^0.2.6":
  version: 0.2.6
  resolution: "x-fetch@npm:0.2.6"
  checksum: 10c0/f6510ae0b5d612fb0f5ce3f55552468d5979040f171a4e69bd718a36e741c4d8e6154697557be6e771fba3fe4467d730d50b3d87d8f70d15d92dedefa9a07fbe
  languageName: node
  linkType: hard
